
Microsoft Visual Studio Solution File, Format Version 12.00
# Visual Studio Version 16
VisualStudioVersion = 16.0.28803.202
MinimumVisualStudioVersion = 10.0.40219.1
Project("{8BC9CEB8-8B4A-11D0-8D11-00A0C91BC942}") = "photoshop-patch", "photoshop-patch\photoshop-patch.vcxproj", "{D53E3161-53E8-49CA-A051-00A2B7C689E7}"
EndProject
Global
	GlobalSection(SolutionConfigurationPlatforms) = preSolution
		Debug|x64 = Debug|x64
		Debug|x86 = Debug|x86
		Release|x64 = Release|x64
		Release|x86 = Release|x86
	EndGlobalSection
	GlobalSection(ProjectConfigurationPlatforms) = postSolution
		{D53E3161-53E8-49CA-A051-00A2B7C689E7}.Debug|x64.ActiveCfg = Debug|x64
		{D53E3161-53E8-49CA-A051-00A2B7C689E7}.Debug|x64.Build.0 = Debug|x64
		{D53E3161-53E8-49CA-A051-00A2B7C689E7}.Debug|x86.ActiveCfg = Debug|Win32
		{D53E3161-53E8-49CA-A051-00A2B7C689E7}.Debug|x86.Build.0 = Debug|Win32
		{D53E3161-53E8-49CA-A051-00A2B7C689E7}.Release|x64.ActiveCfg = Release|x64
		{D53E3161-53E8-49CA-A051-00A2B7C689E7}.Release|x64.Build.0 = Release|x64
		{D53E3161-53E8-49CA-A051-00A2B7C689E7}.Release|x86.ActiveCfg = Release|Win32
		{D53E3161-53E8-49CA-A051-00A2B7C689E7}.Release|x86.Build.0 = Release|Win32
	EndGlobalSection
	GlobalSection(SolutionProperties) = preSolution
		HideSolutionNode = FALSE
	EndGlobalSection
	GlobalSection(ExtensibilityGlobals) = postSolution
		SolutionGuid = {DAAB437E-5398-4E82-828D-E7DE19973262}
	EndGlobalSection
EndGlobal
